
Microsoft Visual Studio Solution File, Format Version 12.00
# Visual Studio 2013
VisualStudioVersion = 12.0.31010.0
MinimumVisualStudioVersion = 10.0.40219.1
Project("{FAE04EC0-301F-11D3-BF4B-00C04F79EFBC}") = "SampleSite", "SampleSite\SampleSite.csproj", "{44537CDD-E67D-4CC9-B560-A32D9F766BB0}"
EndProject
Project("{FAE04EC0-301F-11D3-BF4B-00C04F79EFBC}") = "Lu.Dapper.Extensions", "..\Lu.Dapper.Extensions\Lu.Dapper.Extensions.csproj", "{23255E76-D762-4668-9D3F-AAE922A985D8}"
EndProject
Project("{FAE04EC0-301F-11D3-BF4B-00C04F79EFBC}") = "Lu.AspnetIdentity.Dapper", "..\Lu.AspnetIdentity.Dapper\Lu.AspnetIdentity.Dapper.csproj", "{452A6D78-A5B2-4D58-9382-48F3E33CAB36}"
EndProject
Global
	GlobalSection(SolutionConfigurationPlatforms) = preSolution
		Debug|Any CPU = Debug|Any CPU
		Release|Any CPU = Release|Any CPU
	EndGlobalSection
	GlobalSection(ProjectConfigurationPlatforms) = postSolution
		{44537CDD-E67D-4CC9-B560-A32D9F766BB0}.Debug|Any CPU.ActiveCfg = Debug|Any CPU
		{44537CDD-E67D-4CC9-B560-A32D9F766BB0}.Debug|Any CPU.Build.0 = Debug|Any CPU
		{44537CDD-E67D-4CC9-B560-A32D9F766BB0}.Release|Any CPU.ActiveCfg = Release|Any CPU
		{44537CDD-E67D-4CC9-B560-A32D9F766BB0}.Release|Any CPU.Build.0 = Release|Any CPU
		{23255E76-D762-4668-9D3F-AAE922A985D8}.Debug|Any CPU.ActiveCfg = Debug|Any CPU
		{23255E76-D762-4668-9D3F-AAE922A985D8}.Debug|Any CPU.Build.0 = Debug|Any CPU
		{23255E76-D762-4668-9D3F-AAE922A985D8}.Release|Any CPU.ActiveCfg = Release|Any CPU
		{23255E76-D762-4668-9D3F-AAE922A985D8}.Release|Any CPU.Build.0 = Release|Any CPU
		{452A6D78-A5B2-4D58-9382-48F3E33CAB36}.Debug|Any CPU.ActiveCfg = Debug|Any CPU
		{452A6D78-A5B2-4D58-9382-48F3E33CAB36}.Debug|Any CPU.Build.0 = Debug|Any CPU
		{452A6D78-A5B2-4D58-9382-48F3E33CAB36}.Release|Any CPU.ActiveCfg = Release|Any CPU
		{452A6D78-A5B2-4D58-9382-48F3E33CAB36}.Release|Any CPU.Build.0 = Release|Any CPU
	EndGlobalSection
	GlobalSection(SolutionProperties) = preSolution
		HideSolutionNode = FALSE
	EndGlobalSection
EndGlobal
